
Microsoft Visual Studio Solution File, Format Version 12.00
# Visual Studio Version 17
VisualStudioVersion = 17.5.33516.290
MinimumVisualStudioVersion = 10.0.40219.1
Project("{9A19103F-16F7-4668-BE54-9A1E7A4F7556}") = "ClaseTest", "ClaseTest\ClaseTest.csproj", "{74D67AA4-8B69-4638-9624-18460ACF15F7}"
EndProject
Project("{9A19103F-16F7-4668-BE54-9A1E7A4F7556}") = "Tarea02", "Tarea02\Tarea02.csproj", "{DC2CA02C-3F6D-48EA-8546-AACBC4DDB83C}"
EndProject
Project("{9A19103F-16F7-4668-BE54-9A1E7A4F7556}") = "ModuloClases", "..\..\..\Lista\ModuloClase\ModuloClases.csproj", "{CADC3E4F-A278-4202-8880-87DF4FD5D6ED}"
EndProject
Global
	GlobalSection(SolutionConfigurationPlatforms) = preSolution
		Debug|Any CPU = Debug|Any CPU
		Release|Any CPU = Release|Any CPU
	EndGlobalSection
	GlobalSection(ProjectConfigurationPlatforms) = postSolution
		{74D67AA4-8B69-4638-9624-18460ACF15F7}.Debug|Any CPU.ActiveCfg = Debug|Any CPU
		{74D67AA4-8B69-4638-9624-18460ACF15F7}.Debug|Any CPU.Build.0 = Debug|Any CPU
		{74D67AA4-8B69-4638-9624-18460ACF15F7}.Release|Any CPU.ActiveCfg = Release|Any CPU
		{74D67AA4-8B69-4638-9624-18460ACF15F7}.Release|Any CPU.Build.0 = Release|Any CPU
		{DC2CA02C-3F6D-48EA-8546-AACBC4DDB83C}.Debug|Any CPU.ActiveCfg = Debug|Any CPU
		{DC2CA02C-3F6D-48EA-8546-AACBC4DDB83C}.Debug|Any CPU.Build.0 = Debug|Any CPU
		{DC2CA02C-3F6D-48EA-8546-AACBC4DDB83C}.Release|Any CPU.ActiveCfg = Release|Any CPU
		{DC2CA02C-3F6D-48EA-8546-AACBC4DDB83C}.Release|Any CPU.Build.0 = Release|Any CPU
		{CADC3E4F-A278-4202-8880-87DF4FD5D6ED}.Debug|Any CPU.ActiveCfg = Debug|Any CPU
		{CADC3E4F-A278-4202-8880-87DF4FD5D6ED}.Debug|Any CPU.Build.0 = Debug|Any CPU
		{CADC3E4F-A278-4202-8880-87DF4FD5D6ED}.Release|Any CPU.ActiveCfg = Release|Any CPU
		{CADC3E4F-A278-4202-8880-87DF4FD5D6ED}.Release|Any CPU.Build.0 = Release|Any CPU
	EndGlobalSection
	GlobalSection(SolutionProperties) = preSolution
		HideSolutionNode = FALSE
	EndGlobalSection
	GlobalSection(ExtensibilityGlobals) = postSolution
		SolutionGuid = {D32A6EB1-3C8B-4DDB-9260-F6C0B0B2F6AB}
	EndGlobalSection
EndGlobal
